
Microsoft Visual Studio Solution File, Format Version 12.00
# Visual Studio Version 17
VisualStudioVersion = 17.5.002.0
MinimumVisualStudioVersion = 10.0.40219.1
Project("{2150E333-8FDC-42A3-9474-1A3956D46DE8}") = "csharp-prep", "csharp-prep", "{1FFAC926-8A3D-4459-A4DD-F41CD53D5670}"
EndProject
Project("{9A19103F-16F7-4668-BE54-9A1E7A4F7556}") = "Prep1", "csharp-prep\Prep1\Prep1.csproj", "{A5556A2E-E981-44D9-8FCF-695FBB06AED6}"
EndProject
Project("{9A19103F-16F7-4668-BE54-9A1E7A4F7556}") = "Prep2", "csharp-prep\Prep2\Prep2.csproj", "{6B88927A-F975-42F2-A6F0-A58EABF08F58}"
EndProject
Project("{9A19103F-16F7-4668-BE54-9A1E7A4F7556}") = "Prep3", "csharp-prep\Prep3\Prep3.csproj", "{78F3A053-BC05-4F8A-B9B7-91AFF4739150}"
EndProject
Project("{9A19103F-16F7-4668-BE54-9A1E7A4F7556}") = "Prep4", "csharp-prep\Prep4\Prep4.csproj", "{25527147-0A6E-47EE-974D-4F6B2265AA6E}"
EndProject
Project("{9A19103F-16F7-4668-BE54-9A1E7A4F7556}") = "Prep5", "csharp-prep\Prep5\Prep5.csproj", "{3DC6D713-6511-419F-BD05-BC038340F676}"
EndProject
Project("{2150E333-8FDC-42A3-9474-1A3956D46DE8}") = "final", "final", "{6619BF9D-35AE-4FA2-AA76-FDF6C59AA200}"
EndProject
Project("{9A19103F-16F7-4668-BE54-9A1E7A4F7556}") = "FinalProject", "final\FinalProject\FinalProject.csproj", "{0E0951A9-9A1A-47DB-9B38-469D59ADED5C}"
EndProject
Project("{9A19103F-16F7-4668-BE54-9A1E7A4F7556}") = "Foundation1", "final\Foundation1\Foundation1.csproj", "{3F4DB6A9-3FF5-454F-8538-87DFEB0A441F}"
EndProject
Project("{9A19103F-16F7-4668-BE54-9A1E7A4F7556}") = "Foundation2", "final\Foundation2\Foundation2.csproj", "{01477CDC-36A7-42F2-BBF9-281E7B1C3E08}"
EndProject
Project("{9A19103F-16F7-4668-BE54-9A1E7A4F7556}") = "Foundation3", "final\Foundation3\Foundation3.csproj", "{A24DCA4D-81C3-4878-AFFA-63EE14D09893}"
EndProject
Project("{9A19103F-16F7-4668-BE54-9A1E7A4F7556}") = "Foundation4", "final\Foundation4\Foundation4.csproj", "{DE0B1AFB-3B8B-442A-A60D-5794617AC382}"
EndProject
Project("{2150E333-8FDC-42A3-9474-1A3956D46DE8}") = "prepare", "prepare", "{EECFAE9B-5F7C-4EE4-930A-E9923E22268B}"
EndProject
Project("{9A19103F-16F7-4668-BE54-9A1E7A4F7556}") = "Learning02", "prepare\Learning02\Learning02.csproj", "{548A791B-E4BF-4425-AA0C-83C0591A8D78}"
EndProject
Project("{9A19103F-16F7-4668-BE54-9A1E7A4F7556}") = "Learning03", "prepare\Learning03\Learning03.csproj", "{6A81B381-9FD2-460E-9880-DACDC3BB57E8}"
EndProject
Project("{9A19103F-16F7-4668-BE54-9A1E7A4F7556}") = "Learning04", "prepare\Learning04\Learning04.csproj", "{05FFC956-981B-4D55-BB40-E230510EC6EF}"
EndProject
Project("{9A19103F-16F7-4668-BE54-9A1E7A4F7556}") = "Learning05", "prepare\Learning05\Learning05.csproj", "{C1C50674-071F-4D04-8FFB-EC3E7AE1F694}"
EndProject
Project("{2150E333-8FDC-42A3-9474-1A3956D46DE8}") = "prove", "prove", "{C8151964-BC39-4A0A-B1CB-8FE5E1EC66FF}"
EndProject
Project("{9A19103F-16F7-4668-BE54-9A1E7A4F7556}") = "Develop02", "prove\Develop02\Develop02.csproj", "{88F41F3E-1AAB-4878-9995-F9A9101C8F11}"
EndProject
Project("{9A19103F-16F7-4668-BE54-9A1E7A4F7556}") = "Develop03", "prove\Develop03\Develop03.csproj", "{2FF97522-341B-4B3E-A107-E8EDE425669E}"
EndProject
Project("{9A19103F-16F7-4668-BE54-9A1E7A4F7556}") = "Develop04", "prove\Develop04\Develop04.csproj", "{0F0AA9B8-142E-4C85-9952-F4FCD765A011}"
EndProject
Project("{9A19103F-16F7-4668-BE54-9A1E7A4F7556}") = "Develop05", "prove\Develop05\Develop05.csproj", "{50B58F22-2E62-427A-8E9A-0162057E28C3}"
EndProject
Project("{2150E333-8FDC-42A3-9474-1A3956D46DE8}") = "sandbox", "sandbox", "{C727CAE1-1C4D-403A-AD2E-D27922F806B8}"
EndProject
Project("{9A19103F-16F7-4668-BE54-9A1E7A4F7556}") = "Sandbox", "sandbox\Sandbox\Sandbox.csproj", "{8DBDACB6-308A-493B-B3EC-29FD58DC8BC4}"
EndProject
Global
	GlobalSection(SolutionConfigurationPlatforms) = preSolution
		Debug|Any CPU = Debug|Any CPU
		Release|Any CPU = Release|Any CPU
	EndGlobalSection
	GlobalSection(ProjectConfigurationPlatforms) = postSolution
		{A5556A2E-E981-44D9-8FCF-695FBB06AED6}.Debug|Any CPU.ActiveCfg = Debug|Any CPU
		{A5556A2E-E981-44D9-8FCF-695FBB06AED6}.Debug|Any CPU.Build.0 = Debug|Any CPU
		{A5556A2E-E981-44D9-8FCF-695FBB06AED6}.Release|Any CPU.ActiveCfg = Release|Any CPU
		{A5556A2E-E981-44D9-8FCF-695FBB06AED6}.Release|Any CPU.Build.0 = Release|Any CPU
		{6B88927A-F975-42F2-A6F0-A58EABF08F58}.Debug|Any CPU.ActiveCfg = Debug|Any CPU
		{6B88927A-F975-42F2-A6F0-A58EABF08F58}.Debug|Any CPU.Build.0 = Debug|Any CPU
		{6B88927A-F975-42F2-A6F0-A58EABF08F58}.Release|Any CPU.ActiveCfg = Release|Any CPU
		{6B88927A-F975-42F2-A6F0-A58EABF08F58}.Release|Any CPU.Build.0 = Release|Any CPU
		{78F3A053-BC05-4F8A-B9B7-91AFF4739150}.Debug|Any CPU.ActiveCfg = Debug|Any CPU
		{78F3A053-BC05-4F8A-B9B7-91AFF4739150}.Debug|Any CPU.Build.0 = Debug|Any CPU
		{78F3A053-BC05-4F8A-B9B7-91AFF4739150}.Release|Any CPU.ActiveCfg = Release|Any CPU
		{78F3A053-BC05-4F8A-B9B7-91AFF4739150}.Release|Any CPU.Build.0 = Release|Any CPU
		{25527147-0A6E-47EE-974D-4F6B2265AA6E}.Debug|Any CPU.ActiveCfg = Debug|Any CPU
		{25527147-0A6E-47EE-974D-4F6B2265AA6E}.Debug|Any CPU.Build.0 = Debug|Any CPU
		{25527147-0A6E-47EE-974D-4F6B2265AA6E}.Release|Any CPU.ActiveCfg = Release|Any CPU
		{25527147-0A6E-47EE-974D-4F6B2265AA6E}.Release|Any CPU.Build.0 = Release|Any CPU
		{3DC6D713-6511-419F-BD05-BC038340F676}.Debug|Any CPU.ActiveCfg = Debug|Any CPU
		{3DC6D713-6511-419F-BD05-BC038340F676}.Debug|Any CPU.Build.0 = Debug|Any CPU
		{3DC6D713-6511-419F-BD05-BC038340F676}.Release|Any CPU.ActiveCfg = Release|Any CPU
		{3DC6D713-6511-419F-BD05-BC038340F676}.Release|Any CPU.Build.0 = Release|Any CPU
		{0E0951A9-9A1A-47DB-9B38-469D59ADED5C}.Debug|Any CPU.ActiveCfg = Debug|Any CPU
		{0E0951A9-9A1A-47DB-9B38-469D59ADED5C}.Debug|Any CPU.Build.0 = Debug|Any CPU
		{0E0951A9-9A1A-47DB-9B38-469D59ADED5C}.Release|Any CPU.ActiveCfg = Release|Any CPU
		{0E0951A9-9A1A-47DB-9B38-469D59ADED5C}.Release|Any CPU.Build.0 = Release|Any CPU
		{3F4DB6A9-3FF5-454F-8538-87DFEB0A441F}.Debug|Any CPU.ActiveCfg = Debug|Any CPU
		{3F4DB6A9-3FF5-454F-8538-87DFEB0A441F}.Debug|Any CPU.Build.0 = Debug|Any CPU
		{3F4DB6A9-3FF5-454F-8538-87DFEB0A441F}.Release|Any CPU.ActiveCfg = Release|Any CPU
		{3F4DB6A9-3FF5-454F-8538-87DFEB0A441F}.Release|Any CPU.Build.0 = Release|Any CPU
		{01477CDC-36A7-42F2-BBF9-281E7B1C3E08}.Debug|Any CPU.ActiveCfg = Debug|Any CPU
		{01477CDC-36A7-42F2-BBF9-281E7B1C3E08}.Debug|Any CPU.Build.0 = Debug|Any CPU
		{01477CDC-36A7-42F2-BBF9-281E7B1C3E08}.Release|Any CPU.ActiveCfg = Release|Any CPU
		{01477CDC-36A7-42F2-BBF9-281E7B1C3E08}.Release|Any CPU.Build.0 = Release|Any CPU
		{A24DCA4D-81C3-4878-AFFA-63EE14D09893}.Debug|Any CPU.ActiveCfg = Debug|Any CPU
		{A24DCA4D-81C3-4878-AFFA-63EE14D09893}.Debug|Any CPU.Build.0 = Debug|Any CPU
		{A24DCA4D-81C3-4878-AFFA-63EE14D09893}.Release|Any CPU.ActiveCfg = Release|Any CPU
		{A24DCA4D-81C3-4878-AFFA-63EE14D09893}.Release|Any CPU.Build.0 = Release|Any CPU
		{DE0B1AFB-3B8B-442A-A60D-5794617AC382}.Debug|Any CPU.ActiveCfg = Debug|Any CPU
		{DE0B1AFB-3B8B-442A-A60D-5794617AC382}.Debug|Any CPU.Build.0 = Debug|Any CPU
		{DE0B1AFB-3B8B-442A-A60D-5794617AC382}.Release|Any CPU.ActiveCfg = Release|Any CPU
		{DE0B1AFB-3B8B-442A-A60D-5794617AC382}.Release|Any CPU.Build.0 = Release|Any CPU
		{548A791B-E4BF-4425-AA0C-83C0591A8D78}.Debug|Any CPU.ActiveCfg = Debug|Any CPU
		{548A791B-E4BF-4425-AA0C-83C0591A8D78}.Debug|Any CPU.Build.0 = Debug|Any CPU
		{548A791B-E4BF-4425-AA0C-83C0591A8D78}.Release|Any CPU.ActiveCfg = Release|Any CPU
		{548A791B-E4BF-4425-AA0C-83C0591A8D78}.Release|Any CPU.Build.0 = Release|Any CPU
		{6A81B381-9FD2-460E-9880-DACDC3BB57E8}.Debug|Any CPU.ActiveCfg = Debug|Any CPU
		{6A81B381-9FD2-460E-9880-DACDC3BB57E8}.Debug|Any CPU.Build.0 = Debug|Any CPU
		{6A81B381-9FD2-460E-9880-DACDC3BB57E8}.Release|Any CPU.ActiveCfg = Release|Any CPU
		{6A81B381-9FD2-460E-9880-DACDC3BB57E8}.Release|Any CPU.Build.0 = Release|Any CPU
		{05FFC956-981B-4D55-BB40-E230510EC6EF}.Debug|Any CPU.ActiveCfg = Debug|Any CPU
		{05FFC956-981B-4D55-BB40-E230510EC6EF}.Debug|Any CPU.Build.0 = Debug|Any CPU
		{05FFC956-981B-4D55-BB40-E230510EC6EF}.Release|Any CPU.ActiveCfg = Release|Any CPU
		{05FFC956-981B-4D55-BB40-E230510EC6EF}.Release|Any CPU.Build.0 = Release|Any CPU
		{C1C50674-071F-4D04-8FFB-EC3E7AE1F694}.Debug|Any CPU.ActiveCfg = Debug|Any CPU
		{C1C50674-071F-4D04-8FFB-EC3E7AE1F694}.Debug|Any CPU.Build.0 = Debug|Any CPU
		{C1C50674-071F-4D04-8FFB-EC3E7AE1F694}.Release|Any CPU.ActiveCfg = Release|Any CPU
		{C1C50674-071F-4D04-8FFB-EC3E7AE1F694}.Release|Any CPU.Build.0 = Release|Any CPU
		{88F41F3E-1AAB-4878-9995-F9A9101C8F11}.Debug|Any CPU.ActiveCfg = Debug|Any CPU
		{88F41F3E-1AAB-4878-9995-F9A9101C8F11}.Debug|Any CPU.Build.0 = Debug|Any CPU
		{88F41F3E-1AAB-4878-9995-F9A9101C8F11}.Release|Any CPU.ActiveCfg = Release|Any CPU
		{88F41F3E-1AAB-4878-9995-F9A9101C8F11}.Release|Any CPU.Build.0 = Release|Any CPU
		{2FF97522-341B-4B3E-A107-E8EDE425669E}.Debug|Any CPU.ActiveCfg = Debug|Any CPU
		{2FF97522-341B-4B3E-A107-E8EDE425669E}.Debug|Any CPU.Build.0 = Debug|Any CPU
		{2FF97522-341B-4B3E-A107-E8EDE425669E}.Release|Any CPU.ActiveCfg = Release|Any CPU
		{2FF97522-341B-4B3E-A107-E8EDE425669E}.Release|Any CPU.Build.0 = Release|Any CPU
		{0F0AA9B8-142E-4C85-9952-F4FCD765A011}.Debug|Any CPU.ActiveCfg = Debug|Any CPU
		{0F0AA9B8-142E-4C85-9952-F4FCD765A011}.Debug|Any CPU.Build.0 = Debug|Any CPU
		{0F0AA9B8-142E-4C85-9952-F4FCD765A011}.Release|Any CPU.ActiveCfg = Release|Any CPU
		{0F0AA9B8-142E-4C85-9952-F4FCD765A011}.Release|Any CPU.Build.0 = Release|Any CPU
		{50B58F22-2E62-427A-8E9A-0162057E28C3}.Debug|Any CPU.ActiveCfg = Debug|Any CPU
		{50B58F22-2E62-427A-8E9A-0162057E28C3}.Debug|Any CPU.Build.0 = Debug|Any CPU
		{50B58F22-2E62-427A-8E9A-0162057E28C3}.Release|Any CPU.ActiveCfg = Release|Any CPU
		{50B58F22-2E62-427A-8E9A-0162057E28C3}.Release|Any CPU.Build.0 = Release|Any CPU
		{8DBDACB6-308A-493B-B3EC-29FD58DC8BC4}.Debug|Any CPU.ActiveCfg = Debug|Any CPU
		{8DBDACB6-308A-493B-B3EC-29FD58DC8BC4}.Debug|Any CPU.Build.0 = Debug|Any CPU
		{8DBDACB6-308A-493B-B3EC-29FD58DC8BC4}.Release|Any CPU.ActiveCfg = Release|Any CPU
		{8DBDACB6-308A-493B-B3EC-29FD58DC8BC4}.Release|Any CPU.Build.0 = Release|Any CPU
	EndGlobalSection
	GlobalSection(SolutionProperties) = preSolution
		HideSolutionNode = FALSE
	EndGlobalSection
	GlobalSection(NestedProjects) = preSolution
		{A5556A2E-E981-44D9-8FCF-695FBB06AED6} = {1FFAC926-8A3D-4459-A4DD-F41CD53D5670}
		{6B88927A-F975-42F2-A6F0-A58EABF08F58} = {1FFAC926-8A3D-4459-A4DD-F41CD53D5670}
		{78F3A053-BC05-4F8A-B9B7-91AFF4739150} = {1FFAC926-8A3D-4459-A4DD-F41CD53D5670}
		{25527147-0A6E-47EE-974D-4F6B2265AA6E} = {1FFAC926-8A3D-4459-A4DD-F41CD53D5670}
		{3DC6D713-6511-419F-BD05-BC038340F676} = {1FFAC926-8A3D-4459-A4DD-F41CD53D5670}
		{0E0951A9-9A1A-47DB-9B38-469D59ADED5C} = {6619BF9D-35AE-4FA2-AA76-FDF6C59AA200}
		{3F4DB6A9-3FF5-454F-8538-87DFEB0A441F} = {6619BF9D-35AE-4FA2-AA76-FDF6C59AA200}
		{01477CDC-36A7-42F2-BBF9-281E7B1C3E08} = {6619BF9D-35AE-4FA2-AA76-FDF6C59AA200}
		{A24DCA4D-81C3-4878-AFFA-63EE14D09893} = {6619BF9D-35AE-4FA2-AA76-FDF6C59AA200}
		{DE0B1AFB-3B8B-442A-A60D-5794617AC382} = {6619BF9D-35AE-4FA2-AA76-FDF6C59AA200}
		{548A791B-E4BF-4425-AA0C-83C0591A8D78} = {EECFAE9B-5F7C-4EE4-930A-E9923E22268B}
		{6A81B381-9FD2-460E-9880-DACDC3BB57E8} = {EECFAE9B-5F7C-4EE4-930A-E9923E22268B}
		{05FFC956-981B-4D55-BB40-E230510EC6EF} = {EECFAE9B-5F7C-4EE4-930A-E9923E22268B}
		{C1C50674-071F-4D04-8FFB-EC3E7AE1F694} = {EECFAE9B-5F7C-4EE4-930A-E9923E22268B}
		{88F41F3E-1AAB-4878-9995-F9A9101C8F11} = {C8151964-BC39-4A0A-B1CB-8FE5E1EC66FF}
		{2FF97522-341B-4B3E-A107-E8EDE425669E} = {C8151964-BC39-4A0A-B1CB-8FE5E1EC66FF}
		{0F0AA9B8-142E-4C85-9952-F4FCD765A011} = {C8151964-BC39-4A0A-B1CB-8FE5E1EC66FF}
		{50B58F22-2E62-427A-8E9A-0162057E28C3} = {C8151964-BC39-4A0A-B1CB-8FE5E1EC66FF}
		{8DBDACB6-308A-493B-B3EC-29FD58DC8BC4} = {C727CAE1-1C4D-403A-AD2E-D27922F806B8}
	EndGlobalSection
	GlobalSection(ExtensibilityGlobals) = postSolution
		SolutionGuid = {99D5DCAE-4647-4120-8193-4068A3BB9D61}
	EndGlobalSection
EndGlobal
